// !$*UTF8*$!
{
	archiveVersion = 1;
	classes = {
	};
	objectVersion = 50;
	objects = {

/* Begin PBXBuildFile section */
		AEEC3444224FF29200BD46C9 /* AppDelegate.swift in Sources */ = {isa = PBXBuildFile; fileRef = AEEC3443224FF29200BD46C9 /* AppDelegate.swift */; };
		AEEC3446224FF29200BD46C9 /* ViewController.swift in Sources */ = {isa = PBXBuildFile; fileRef = AEEC3445224FF29200BD46C9 /* ViewController.swift */; };
		AEEC3449224FF29200BD46C9 /* Main.storyboard in Resources */ = {isa = PBXBuildFile; fileRef = AEEC3447224FF29200BD46C9 /* Main.storyboard */; };
		AEEC344B224FF29500BD46C9 /* Assets.xcassets in Resources */ = {isa = PBXBuildFile; fileRef = AEEC344A224FF29500BD46C9 /* Assets.xcassets */; };
		AEEC344E224FF29500BD46C9 /* LaunchScreen.storyboard in Resources */ = {isa = PBXBuildFile; fileRef = AEEC344C224FF29500BD46C9 /* LaunchScreen.storyboard */; };
		AEEC3459224FF29600BD46C9 /* Top_HeadlineTests.swift in Sources */ = {isa = PBXBuildFile; fileRef = AEEC3458224FF29600BD46C9 /* Top_HeadlineTests.swift */; };
/* End PBXBuildFile section */

/* Begin PBXContainerItemProxy section */
		AEEC3455224FF29600BD46C9 /* PBXContainerItemProxy */ = {
			isa = PBXContainerItemProxy;
			containerPortal = AEEC3438224FF29200BD46C9 /* Project object */;
			proxyType = 1;
			remoteGlobalIDString = AEEC343F224FF29200BD46C9;
			remoteInfo = "Top Headline";
		};
/* End PBXContainerItemProxy section */

/* Begin PBXFileReference section */
		AEEC3440224FF29200BD46C9 /* Top Headline.app */ = {isa = PBXFileReference; explicitFileType = wrapper.application; includeInIndex = 0; path = "Top Headline.app"; sourceTree = BUILT_PRODUCTS_DIR; };
		AEEC3443224FF29200BD46C9 /* AppDelegate.swift */ = {isa = PBXFileReference; lastKnownFileType = sourcecode.swift; path = AppDelegate.swift; sourceTree = "<group>"; };
		AEEC3445224FF29200BD46C9 /* ViewController.swift */ = {isa = PBXFileReference; lastKnownFileType = sourcecode.swift; path = ViewController.swift; sourceTree = "<group>"; };
		AEEC3448224FF29200BD46C9 /* Base */ = {isa = PBXFileReference; lastKnownFileType = file.storyboard; name = Base; path = Base.lproj/Main.storyboard; sourceTree = "<group>"; };
		AEEC344A224FF29500BD46C9 /* Assets.xcassets */ = {isa = PBXFileReference; lastKnownFileType = folder.assetcatalog; path = Assets.xcassets; sourceTree = "<group>"; };
		AEEC344D224FF29500BD46C9 /* Base */ = {isa = PBXFileReference; lastKnownFileType = file.storyboard; name = Base; path = Base.lproj/LaunchScreen.storyboard; sourceTree = "<group>"; };
		AEEC344F224FF29500BD46C9 /* Info.plist */ = {isa = PBXFileReference; lastKnownFileType = text.plist.xml; path = Info.plist; sourceTree = "<group>"; };
		AEEC3454224FF29600BD46C9 /* Top HeadlineTests.xctest */ = {isa = PBXFileReference; explicitFileType = wrapper.cfbundle; includeInIndex = 0; path = "Top HeadlineTests.xctest"; sourceTree = BUILT_PRODUCTS_DIR; };
		AEEC3458224FF29600BD46C9 /* Top_HeadlineTests.swift */ = {isa = PBXFileReference; lastKnownFileType = sourcecode.swift; path = Top_HeadlineTests.swift; sourceTree = "<group>"; };
		AEEC345A224FF29600BD46C9 /* Info.plist */ = {isa = PBXFileReference; lastKnownFileType = text.plist.xml; path = Info.plist; sourceTree = "<group>"; };
/* End PBXFileReference section */

/* Begin PBXFrameworksBuildPhase section */
		AEEC343D224FF29200BD46C9 /* Frameworks */ = {
			isa = PBXFrameworksBuildPhase;
			buildActionMask = 2147483647;
			files = (
			);
			runOnlyForDeploymentPostprocessing = 0;
		};
		AEEC3451224FF29600BD46C9 /* Frameworks */ = {
			isa = PBXFrameworksBuildPhase;
			buildActionMask = 2147483647;
			files = (
			);
			runOnlyForDeploymentPostprocessing = 0;
		};
/* End PBXFrameworksBuildPhase section */

/* Begin PBXGroup section */
		AEEC3437224FF29200BD46C9 = {
			isa = PBXGroup;
			children = (
				AEEC3442224FF29200BD46C9 /* Top Headline */,
				AEEC3457224FF29600BD46C9 /* Top HeadlineTests */,
				AEEC3441224FF29200BD46C9 /* Products */,
			);
			sourceTree = "<group>";
		};
		AEEC3441224FF29200BD46C9 /* Products */ = {
			isa = PBXGroup;
			children = (
				AEEC3440224FF29200BD46C9 /* Top Headline.app */,
				AEEC3454224FF29600BD46C9 /* Top HeadlineTests.xctest */,
			);
			name = Products;
			sourceTree = "<group>";
		};
		AEEC3442224FF29200BD46C9 /* Top Headline */ = {
			isa = PBXGroup;
			children = (
				AEEC3443224FF29200BD46C9 /* AppDelegate.swift */,
				AEEC3445224FF29200BD46C9 /* ViewController.swift */,
				AEEC3447224FF29200BD46C9 /* Main.storyboard */,
				AEEC344A224FF29500BD46C9 /* Assets.xcassets */,
				AEEC344C224FF29500BD46C9 /* LaunchScreen.storyboard */,
				AEEC344F224FF29500BD46C9 /* Info.plist */,
			);
			path = "Top Headline";
			sourceTree = "<group>";
		};
		AEEC3457224FF29600BD46C9 /* Top HeadlineTests */ = {
			isa = PBXGroup;
			children = (
				AEEC3458224FF29600BD46C9 /* Top_HeadlineTests.swift */,
				AEEC345A224FF29600BD46C9 /* Info.plist */,
			);
			path = "Top HeadlineTests";
			sourceTree = "<group>";
		};
/* End PBXGroup section */

/* Begin PBXNativeTarget section */
		AEEC343F224FF29200BD46C9 /* Top Headline */ = {
			isa = PBXNativeTarget;
			buildConfigurationList = AEEC345D224FF29600BD46C9 /* Build configuration list for PBXNativeTarget "Top Headline" */;
			buildPhases = (
				AEEC343C224FF29200BD46C9 /* Sources */,
				AEEC343D224FF29200BD46C9 /* Frameworks */,
				AEEC343E224FF29200BD46C9 /* Resources */,
			);
			buildRules = (
			);
			dependencies = (
			);
			name = "Top Headline";
			productName = "Top Headline";
			productReference = AEEC3440224FF29200BD46C9 /* Top Headline.app */;
			productType = "com.apple.product-type.application";
		};
		AEEC3453224FF29600BD46C9 /* Top HeadlineTests */ = {
			isa = PBXNativeTarget;
			buildConfigurationList = AEEC3460224FF29600BD46C9 /* Build configuration list for PBXNativeTarget "Top HeadlineTests" */;
			buildPhases = (
				AEEC3450224FF29600BD46C9 /* Sources */,
				AEEC3451224FF29600BD46C9 /* Frameworks */,
				AEEC3452224FF29600BD46C9 /* Resources */,
			);
			buildRules = (
			);
			dependencies = (
				AEEC3456224FF29600BD46C9 /* PBXTargetDependency */,
			);
			name = "Top HeadlineTests";
			productName = "Top HeadlineTests";
			productReference = AEEC3454224FF29600BD46C9 /* Top HeadlineTests.xctest */;
			productType = "com.apple.product-type.bundle.unit-test";
		};
/* End PBXNativeTarget section */

/* Begin PBXProject section */
		AEEC3438224FF29200BD46C9 /* Project object */ = {
			isa = PBXProject;
			attributes = {
				LastSwiftUpdateCheck = 1010;
				LastUpgradeCheck = 1010;
				ORGANIZATIONNAME = GSMenezes;
				TargetAttributes = {
					AEEC343F224FF29200BD46C9 = {
						CreatedOnToolsVersion = 10.1;
					};
					AEEC3453224FF29600BD46C9 = {
						CreatedOnToolsVersion = 10.1;
						TestTargetID = AEEC343F224FF29200BD46C9;
					};
				};
			};
			buildConfigurationList = AEEC343B224FF29200BD46C9 /* Build configuration list for PBXProject "Top Headline" */;
			compatibilityVersion = "Xcode 9.3";
			developmentRegion = en;
			hasScannedForEncodings = 0;
			knownRegions = (
				en,
				Base,
			);
			mainGroup = AEEC3437224FF29200BD46C9;
			productRefGroup = AEEC3441224FF29200BD46C9 /* Products */;
			projectDirPath = "";
			projectRoot = "";
			targets = (
				AEEC343F224FF29200BD46C9 /* Top Headline */,
				AEEC3453224FF29600BD46C9 /* Top HeadlineTests */,
			);
		};
/* End PBXProject section */

/* Begin PBXResourcesBuildPhase section */
		AEEC343E224FF29200BD46C9 /* Resources */ = {
			isa = PBXResourcesBuildPhase;
			buildActionMask = 2147483647;
			files = (
				AEEC344E224FF29500BD46C9 /* LaunchScreen.storyboard in Resources */,
				AEEC344B224FF29500BD46C9 /* Assets.xcassets in Resources */,
				AEEC3449224FF29200BD46C9 /* Main.storyboard in Resources */,
			);
			runOnlyForDeploymentPostprocessing = 0;
		};
		AEEC3452224FF29600BD46C9 /* Resources */ = {
			isa = PBXResourcesBuildPhase;
			buildActionMask = 2147483647;
			files = (
			);
			runOnlyForDeploymentPostprocessing = 0;
		};
/* End PBXResourcesBuildPhase section */

/* Begin PBXSourcesBuildPhase section */
		AEEC343C224FF29200BD46C9 /* Sources */ = {
			isa = PBXSourcesBuildPhase;
			buildActionMask = 2147483647;
			files = (
				AEEC3446224FF29200BD46C9 /* ViewController.swift in Sources */,
				AEEC3444224FF29200BD46C9 /* AppDelegate.swift in Sources */,
			);
			runOnlyForDeploymentPostprocessing = 0;
		};
		AEEC3450224FF29600BD46C9 /* Sources */ = {
			isa = PBXSourcesBuildPhase;
			buildActionMask = 2147483647;
			files = (
				AEEC3459224FF29600BD46C9 /* Top_HeadlineTests.swift in Sources */,
			);
			runOnlyForDeploymentPostprocessing = 0;
		};
/* End PBXSourcesBuildPhase section */

/* Begin PBXTargetDependency section */
		AEEC3456224FF29600BD46C9 /* PBXTargetDependency */ = {
			isa = PBXTargetDependency;
			target = AEEC343F224FF29200BD46C9 /* Top Headline */;
			targetProxy = AEEC3455224FF29600BD46C9 /* PBXContainerItemProxy */;
		};
/* End PBXTargetDependency section */

/* Begin PBXVariantGroup section */
		AEEC3447224FF29200BD46C9 /* Main.storyboard */ = {
			isa = PBXVariantGroup;
			children = (
				AEEC3448224FF29200BD46C9 /* Base */,
			);
			name = Main.storyboard;
			sourceTree = "<group>";
		};
		AEEC344C224FF29500BD46C9 /* LaunchScreen.storyboard */ = {
			isa = PBXVariantGroup;
			children = (
				AEEC344D224FF29500BD46C9 /* Base */,
			);
			name = LaunchScreen.storyboard;
			sourceTree = "<group>";
		};
/* End PBXVariantGroup section */

/* Begin XCBuildConfiguration section */
		AEEC345B224FF29600BD46C9 /* Debug */ = {
			isa = XCBuildConfiguration;
			buildSettings = {
				ALWAYS_SEARCH_USER_PATHS = NO;
				CLANG_ANALYZER_NONNULL = YES;
				CLANG_ANALYZER_NUMBER_OBJECT_CONVERSION = YES_AGGRESSIVE;
				CLANG_CXX_LANGUAGE_STANDARD = "gnu++14";
				CLANG_CXX_LIBRARY = "libc++";
				CLANG_ENABLE_MODULES = YES;
				CLANG_ENABLE_OBJC_ARC = YES;
				CLANG_ENABLE_OBJC_WEAK = YES;
				CLANG_WARN_BLOCK_CAPTURE_AUTORELEASING = YES;
				CLANG_WARN_BOOL_CONVERSION = YES;
				CLANG_WARN_COMMA = YES;
				CLANG_WARN_CONSTANT_CONVERSION = YES;
				CLANG_WARN_DEPRECATED_OBJC_IMPLEMENTATIONS = YES;
				CLANG_WARN_DIRECT_OBJC_ISA_USAGE = YES_ERROR;
				CLANG_WARN_DOCUMENTATION_COMMENTS = YES;
				CLANG_WARN_EMPTY_BODY = YES;
				CLANG_WARN_ENUM_CONVERSION = YES;
				CLANG_WARN_INFINITE_RECURSION = YES;
				CLANG_WARN_INT_CONVERSION = YES;
				CLANG_WARN_NON_LITERAL_NULL_CONVERSION = YES;
				CLANG_WARN_OBJC_IMPLICIT_RETAIN_SELF = YES;
				CLANG_WARN_OBJC_LITERAL_CONVERSION = YES;
				CLANG_WARN_OBJC_ROOT_CLASS = YES_ERROR;
				CLANG_WARN_RANGE_LOOP_ANALYSIS = YES;
				CLANG_WARN_STRICT_PROTOTYPES = YES;
				CLANG_WARN_SUSPICIOUS_MOVE = YES;
				CLANG_WARN_UNGUARDED_AVAILABILITY = YES_AGGRESSIVE;
				CLANG_WARN_UNREACHABLE_CODE = YES;
				CLANG_WARN__DUPLICATE_METHOD_MATCH = YES;
				CODE_SIGN_IDENTITY = "iPhone Developer";
				COPY_PHASE_STRIP = NO;
				DEBUG_INFORMATION_FORMAT = dwarf;
				ENABLE_STRICT_OBJC_MSGSEND = YES;
				ENABLE_TESTABILITY = YES;
				GCC_C_LANGUAGE_STANDARD = gnu11;
				GCC_DYNAMIC_NO_PIC = NO;
				GCC_NO_COMMON_BLOCKS = YES;
				GCC_OPTIMIZATION_LEVEL = 0;
				GCC_PREPROCESSOR_DEFINITIONS = (
					"DEBUG=1",
					"$(inherited)",
				);
				GCC_WARN_64_TO_32_BIT_CONVERSION = YES;
				GCC_WARN_ABOUT_RETURN_TYPE = YES_ERROR;
				GCC_WARN_UNDECLARED_SELECTOR = YES;
				GCC_WARN_UNINITIALIZED_AUTOS = YES_AGGRESSIVE;
				GCC_WARN_UNUSED_FUNCTION = YES;
				GCC_WARN_UNUSED_VARIABLE = YES;
				IPHONEOS_DEPLOYMENT_TARGET = 12.1;
				MTL_ENABLE_DEBUG_INFO = INCLUDE_SOURCE;
				MTL_FAST_MATH = YES;
				ONLY_ACTIVE_ARCH = YES;
				SDKROOT = iphoneos;
				SWIFT_ACTIVE_COMPILATION_CONDITIONS = DEBUG;
				SWIFT_OPTIMIZATION_LEVEL = "-Onone";
			};
			name = Debug;
		};
		AEEC345C224FF29600BD46C9 /* Release */ = {
			isa = XCBuildConfiguration;
			buildSettings = {
				ALWAYS_SEARCH_USER_PATHS = NO;
				CLANG_ANALYZER_NONNULL = YES;
				CLANG_ANALYZER_NUMBER_OBJECT_CONVERSION = YES_AGGRESSIVE;
				CLANG_CXX_LANGUAGE_STANDARD = "gnu++14";
				CLANG_CXX_LIBRARY = "libc++";
				CLANG_ENABLE_MODULES = YES;
				CLANG_ENABLE_OBJC_ARC = YES;
				CLANG_ENABLE_OBJC_WEAK = YES;
				CLANG_WARN_BLOCK_CAPTURE_AUTORELEASING = YES;
				CLANG_WARN_BOOL_CONVERSION = YES;
				CLANG_WARN_COMMA = YES;
				CLANG_WARN_CONSTANT_CONVERSION = YES;
				CLANG_WARN_DEPRECATED_OBJC_IMPLEMENTATIONS = YES;
				CLANG_WARN_DIRECT_OBJC_ISA_USAGE = YES_ERROR;
				CLANG_WARN_DOCUMENTATION_COMMENTS = YES;
				CLANG_WARN_EMPTY_BODY = YES;
				CLANG_WARN_ENUM_CONVERSION = YES;
				CLANG_WARN_INFINITE_RECURSION = YES;
				CLANG_WARN_INT_CONVERSION = YES;
				CLANG_WARN_NON_LITERAL_NULL_CONVERSION = YES;
				CLANG_WARN_OBJC_IMPLICIT_RETAIN_SELF = YES;
				CLANG_WARN_OBJC_LITERAL_CONVERSION = YES;
				CLANG_WARN_OBJC_ROOT_CLASS = YES_ERROR;
				CLANG_WARN_RANGE_LOOP_ANALYSIS = YES;
				CLANG_WARN_STRICT_PROTOTYPES = YES;
				CLANG_WARN_SUSPICIOUS_MOVE = YES;
				CLANG_WARN_UNGUARDED_AVAILABILITY = YES_AGGRESSIVE;
				CLANG_WARN_UNREACHABLE_CODE = YES;
				CLANG_WARN__DUPLICATE_METHOD_MATCH = YES;
				CODE_SIGN_IDENTITY = "iPhone Developer";
				COPY_PHASE_STRIP = NO;
				DEBUG_INFORMATION_FORMAT = "dwarf-with-dsym";
				ENABLE_NS_ASSERTIONS = NO;
				ENABLE_STRICT_OBJC_MSGSEND = YES;
				GCC_C_LANGUAGE_STANDARD = gnu11;
				GCC_NO_COMMON_BLOCKS = YES;
				GCC_WARN_64_TO_32_BIT_CONVERSION = YES;
				GCC_WARN_ABOUT_RETURN_TYPE = YES_ERROR;
				GCC_WARN_UNDECLARED_SELECTOR = YES;
				GCC_WARN_UNINITIALIZED_AUTOS = YES_AGGRESSIVE;
				GCC_WARN_UNUSED_FUNCTION = YES;
				GCC_WARN_UNUSED_VARIABLE = YES;
				IPHONEOS_DEPLOYMENT_TARGET = 12.1;
				MTL_ENABLE_DEBUG_INFO = NO;
				MTL_FAST_MATH = YES;
				SDKROOT = iphoneos;
				SWIFT_COMPILATION_MODE = wholemodule;
				SWIFT_OPTIMIZATION_LEVEL = "-O";
				VALIDATE_PRODUCT = YES;
			};
			name = Release;
		};
		AEEC345E224FF29600BD46C9 /* Debug */ = {
			isa = XCBuildConfiguration;
			buildSettings = {
				ASSETCATALOG_COMPILER_APPICON_NAME = AppIcon;
				CODE_SIGN_STYLE = Automatic;
				DEVELOPMENT_TEAM = N79DHHMYVL;
				INFOPLIST_FILE = "Top Headline/Info.plist";
				LD_RUNPATH_SEARCH_PATHS = (
					"$(inherited)",
					"@executable_path/Frameworks",
				);
				PRODUCT_BUNDLE_IDENTIFIER = "com.gsmenezes.Top-Headline";
				PRODUCT_NAME = "$(TARGET_NAME)";
				SWIFT_VERSION = 4.2;
				TARGETED_DEVICE_FAMILY = "1,2";
			};
			name = Debug;
		};
		AEEC345F224FF29600BD46C9 /* Release */ = {
			isa = XCBuildConfiguration;
			buildSettings = {
				ASSETCATALOG_COMPILER_APPICON_NAME = AppIcon;
				CODE_SIGN_STYLE = Automatic;
				DEVELOPMENT_TEAM = N79DHHMYVL;
				INFOPLIST_FILE = "Top Headline/Info.plist";
				LD_RUNPATH_SEARCH_PATHS = (
					"$(inherited)",
					"@executable_path/Frameworks",
				);
				PRODUCT_BUNDLE_IDENTIFIER = "com.gsmenezes.Top-Headline";
				PRODUCT_NAME = "$(TARGET_NAME)";
				SWIFT_VERSION = 4.2;
				TARGETED_DEVICE_FAMILY = "1,2";
			};
			name = Release;
		};
		AEEC3461224FF29600BD46C9 /* Debug */ = {
			isa = XCBuildConfiguration;
			buildSettings = {
				ALWAYS_EMBED_SWIFT_STANDARD_LIBRARIES = YES;
				BUNDLE_LOADER = "$(TEST_HOST)";
				CODE_SIGN_STYLE = Automatic;
				DEVELOPMENT_TEAM = N79DHHMYVL;
				INFOPLIST_FILE = "Top HeadlineTests/Info.plist";
				LD_RUNPATH_SEARCH_PATHS = (
					"$(inherited)",
					"@executable_path/Frameworks",
					"@loader_path/Frameworks",
				);
				PRODUCT_BUNDLE_IDENTIFIER = "com.gsmenezes.Top-HeadlineTests";
				PRODUCT_NAME = "$(TARGET_NAME)";
				SWIFT_VERSION = 4.2;
				TARGETED_DEVICE_FAMILY = "1,2";
				TEST_HOST = "$(BUILT_PRODUCTS_DIR)/Top Headline.app/Top Headline";
			};
			name = Debug;
		};
		AEEC3462224FF29600BD46C9 /* Release */ = {
			isa = XCBuildConfiguration;
			buildSettings = {
				ALWAYS_EMBED_SWIFT_STANDARD_LIBRARIES = YES;
				BUNDLE_LOADER = "$(TEST_HOST)";
				CODE_SIGN_STYLE = Automatic;
				DEVELOPMENT_TEAM = N79DHHMYVL;
				INFOPLIST_FILE = "Top HeadlineTests/Info.plist";
				LD_RUNPATH_SEARCH_PATHS = (
					"$(inherited)",
					"@executable_path/Frameworks",
					"@loader_path/Frameworks",
				);
				PRODUCT_BUNDLE_IDENTIFIER = "com.gsmenezes.Top-HeadlineTests";
				PRODUCT_NAME = "$(TARGET_NAME)";
				SWIFT_VERSION = 4.2;
				TARGETED_DEVICE_FAMILY = "1,2";
				TEST_HOST = "$(BUILT_PRODUCTS_DIR)/Top Headline.app/Top Headline";
			};
			name = Release;
		};
/* End XCBuildConfiguration section */

/* Begin XCConfigurationList section */
		AEEC343B224FF29200BD46C9 /* Build configuration list for PBXProject "Top Headline" */ = {
			isa = XCConfigurationList;
			buildConfigurations = (
				AEEC345B224FF29600BD46C9 /* Debug */,
				AEEC345C224FF29600BD46C9 /* Release */,
			);
			defaultConfigurationIsVisible = 0;
			defaultConfigurationName = Release;
		};
		AEEC345D224FF29600BD46C9 /* Build configuration list for PBXNativeTarget "Top Headline" */ = {
			isa = XCConfigurationList;
			buildConfigurations = (
				AEEC345E224FF29600BD46C9 /* Debug */,
				AEEC345F224FF29600BD46C9 /* Release */,
			);
			defaultConfigurationIsVisible = 0;
			defaultConfigurationName = Release;
		};
		AEEC3460224FF29600BD46C9 /* Build configuration list for PBXNativeTarget "Top HeadlineTests" */ = {
			isa = XCConfigurationList;
			buildConfigurations = (
				AEEC3461224FF29600BD46C9 /* Debug */,
				AEEC3462224FF29600BD46C9 /* Release */,
			);
			defaultConfigurationIsVisible = 0;
			defaultConfigurationName = Release;
		};
/* End XCConfigurationList section */
	};
	rootObject = AEEC3438224FF29200BD46C9 /* Project object */;
}
